
Microsoft Visual Studio Solution File, Format Version 12.00
# Visual Studio Version 17
VisualStudioVersion = 17.8.34511.84
MinimumVisualStudioVersion = 10.0.40219.1
Project("{FAE04EC0-301F-11D3-BF4B-00C04F79EFBC}") = "17-StructuresInCSharp", "17-StructuresInCSharp.csproj", "{E5646772-5AD7-4643-957F-52A382E76135}"
EndProject
Global
	GlobalSection(SolutionConfigurationPlatforms) = preSolution
		Debug|Any CPU = Debug|Any CPU
		Release|Any CPU = Release|Any CPU
	EndGlobalSection
	GlobalSection(ProjectConfigurationPlatforms) = postSolution
		{E5646772-5AD7-4643-957F-52A382E76135}.Debug|Any CPU.ActiveCfg = Debug|Any CPU
		{E5646772-5AD7-4643-957F-52A382E76135}.Debug|Any CPU.Build.0 = Debug|Any CPU
		{E5646772-5AD7-4643-957F-52A382E76135}.Release|Any CPU.ActiveCfg = Release|Any CPU
		{E5646772-5AD7-4643-957F-52A382E76135}.Release|Any CPU.Build.0 = Release|Any CPU
	EndGlobalSection
	GlobalSection(SolutionProperties) = preSolution
		HideSolutionNode = FALSE
	EndGlobalSection
	GlobalSection(ExtensibilityGlobals) = postSolution
		SolutionGuid = {CC8295F4-70B4-4682-8A96-A9B3467CDF8B}
	EndGlobalSection
EndGlobal
